
Microsoft Visual Studio Solution File, Format Version 12.00
# Visual Studio Version 16
VisualStudioVersion = 16.0.30114.105
MinimumVisualStudioVersion = 10.0.40219.1
Project("{FAE04EC0-301F-11D3-BF4B-00C04F79EFBC}") = "api", "api\api.csproj", "{D5181C93-C000-42D5-AA2C-187E0BD7426B}"
EndProject
Project("{FAE04EC0-301F-11D3-BF4B-00C04F79EFBC}") = "tests", "tests\tests.csproj", "{0AF541DF-8095-4298-A786-5F4997B09AAB}"
EndProject
Global
	GlobalSection(SolutionConfigurationPlatforms) = preSolution
		Debug|Any CPU = Debug|Any CPU
		Release|Any CPU = Release|Any CPU
	EndGlobalSection
	GlobalSection(SolutionProperties) = preSolution
		HideSolutionNode = FALSE
	EndGlobalSection
	GlobalSection(ProjectConfigurationPlatforms) = postSolution
		{D5181C93-C000-42D5-AA2C-187E0BD7426B}.Debug|Any CPU.ActiveCfg = Debug|Any CPU
		{D5181C93-C000-42D5-AA2C-187E0BD7426B}.Debug|Any CPU.Build.0 = Debug|Any CPU
		{D5181C93-C000-42D5-AA2C-187E0BD7426B}.Release|Any CPU.ActiveCfg = Release|Any CPU
		{D5181C93-C000-42D5-AA2C-187E0BD7426B}.Release|Any CPU.Build.0 = Release|Any CPU
		{0AF541DF-8095-4298-A786-5F4997B09AAB}.Debug|Any CPU.ActiveCfg = Debug|Any CPU
		{0AF541DF-8095-4298-A786-5F4997B09AAB}.Debug|Any CPU.Build.0 = Debug|Any CPU
		{0AF541DF-8095-4298-A786-5F4997B09AAB}.Release|Any CPU.ActiveCfg = Release|Any CPU
		{0AF541DF-8095-4298-A786-5F4997B09AAB}.Release|Any CPU.Build.0 = Release|Any CPU
	EndGlobalSection
EndGlobal
